<?xml version="1.0" encoding="utf-8"?>
<Project ToolsVersion="4.0" xmlns="http://schemas.microsoft.com/developer/msbuild/2003">
  <ItemGroup>
    <Filter Include="Header Files">
      <UniqueIdentifier>{93995380-89BD-4b04-88EB-625FBE52EBFB}</UniqueIdentifier>
      <Extensions>h;hh;hpp;hxx;hm;inl;inc;xsd</Extensions>
    </Filter>
    <Filter Include="Resource Files">
      <UniqueIdentifier>{67DA6AB6-F800-4c08-8B7A-83BB121AAD01}</UniqueIdentifier>
      <Extensions>rc;ico;cur;bmp;dlg;rc2;rct;bin;rgs;gif;jpg;jpeg;jpe;resx;tiff;tif;png;wav;mfcribbon-ms</Extensions>
    </Filter>
    <Filter Include="Source Files">
      <UniqueIdentifier>{4FC737F1-C7A5-4376-A066-2A32D752A2FF}</UniqueIdentifier>
      <Extensions>cpp;c;cc;cxx;def;odl;idl;hpj;bat;asm;asmx</Extensions>
    </Filter>
    <Filter Include="html">
      <UniqueIdentifier>{57d6e27e-dd03-4bfc-ab98-0f9df8a03abe}</UniqueIdentifier>
    </Filter>
    <Filter Include="js">
      <UniqueIdentifier>{5032274f-e5ea-4e6f-a0ee-c4f4c0efb3d1}</UniqueIdentifier>
    </Filter>
  </ItemGroup>
  <ItemGroup>
    <Text Include="ReadMe.txt" />
  </ItemGroup>
  <ItemGroup>
    <ClInclude Include="stdafx.h">
      <Filter>Header Files</Filter>
    </ClInclude>
    <ClInclude Include="targetver.h">
      <Filter>Header Files</Filter>
    </ClInclude>
  </ItemGroup>
  <ItemGroup>
    <ClCompile Include="stdafx.cpp">
      <Filter>Source Files</Filter>
    </ClCompile>
    <ClCompile Include="..\source\mongoose.c">
      <Filter>Source Files</Filter>
    </ClCompile>
    <ClCompile Include="..\source\sim_server.c">
      <Filter>Source Files</Filter>
    </ClCompile>
  </ItemGroup>
  <ItemGroup>
    <Image Include="grid.png">
      <Filter>Resource Files</Filter>
    </Image>
  </ItemGroup>
  <ItemGroup>
    <None Include="..\..\simulators\js\ammo.js">
      <Filter>js</Filter>
    </None>
    <None Include="..\..\simulators\js\ammo_old.js">
      <Filter>js</Filter>
    </None>
    <None Include="..\..\simulators\js\ConvexGeometry.js">
      <Filter>js</Filter>
    </None>
    <None Include="..\..\simulators\js\ConvexObjectBreaker.js">
      <Filter>js</Filter>
    </None>
    <None Include="..\..\simulators\js\Detector.js">
      <Filter>js</Filter>
    </None>
    <None Include="..\..\simulators\js\Detector_old.js">
      <Filter>js</Filter>
    </None>
    <None Include="..\..\simulators\js\DragControls.js">
      <Filter>js</Filter>
    </None>
    <None Include="..\..\simulators\js\ga.js">
      <Filter>js</Filter>
    </None>
    <None Include="..\..\simulators\js\hierarchy.js">
      <Filter>js</Filter>
    </None>
    <None Include="..\..\simulators\js\jquery-3.2.1.min.js">
      <Filter>js</Filter>
    </None>
    <None Include="..\..\simulators\js\OrbitControls.js">
      <Filter>js</Filter>
    </None>
    <None Include="..\..\simulators\js\QuickHull.js">
      <Filter>js</Filter>
    </None>
    <None Include="..\..\simulators\js\stats.min.js">
      <Filter>js</Filter>
    </None>
    <None Include="..\..\simulators\js\theworker.js">
      <Filter>js</Filter>
    </None>
    <None Include="..\..\simulators\js\three.js">
      <Filter>js</Filter>
    </None>
    <None Include="..\..\simulators\js\three.min.js">
      <Filter>js</Filter>
    </None>
    <None Include="..\..\simulators\js\TrackballControls.js">
      <Filter>js</Filter>
    </None>
    <None Include="..\..\simulators\cs.html">
      <Filter>html</Filter>
    </None>
    <None Include="..\..\simulators\terrain.html">
      <Filter>html</Filter>
    </None>
  </ItemGroup>
</Project>